
Microsoft Visual Studio Solution File, Format Version 12.00
# Visual Studio Version 16
VisualStudioVersion = 16.0.30413.136
MinimumVisualStudioVersion = 10.0.40219.1
Project("{FAE04EC0-301F-11D3-BF4B-00C04F79EFBC}") = "Task_14", "Task_14.csproj", "{D9FCA6ED-8F8B-40B5-889B-EED644DEF30D}"
EndProject
Global
	GlobalSection(SolutionConfigurationPlatforms) = preSolution
		Debug|Any CPU = Debug|Any CPU
		Release|Any CPU = Release|Any CPU
	EndGlobalSection
	GlobalSection(ProjectConfigurationPlatforms) = postSolution
		{D9FCA6ED-8F8B-40B5-889B-EED644DEF30D}.Debug|Any CPU.ActiveCfg = Debug|Any CPU
		{D9FCA6ED-8F8B-40B5-889B-EED644DEF30D}.Debug|Any CPU.Build.0 = Debug|Any CPU
		{D9FCA6ED-8F8B-40B5-889B-EED644DEF30D}.Release|Any CPU.ActiveCfg = Release|Any CPU
		{D9FCA6ED-8F8B-40B5-889B-EED644DEF30D}.Release|Any CPU.Build.0 = Release|Any CPU
	EndGlobalSection
	GlobalSection(SolutionProperties) = preSolution
		HideSolutionNode = FALSE
	EndGlobalSection
	GlobalSection(ExtensibilityGlobals) = postSolution
		SolutionGuid = {8CF556BD-73F8-4323-9BCC-D3CBFFE28B92}
	EndGlobalSection
EndGlobal
