
Microsoft Visual Studio Solution File, Format Version 12.00
# Visual Studio Version 16
VisualStudioVersion = 16.0.30413.136
MinimumVisualStudioVersion = 10.0.40219.1
Project("{FAE04EC0-301F-11D3-BF4B-00C04F79EFBC}") = "Task3", "Task3.csproj", "{20A2B530-2BDA-4A4F-9C0D-77DE7D30CECE}"
EndProject
Global
	GlobalSection(SolutionConfigurationPlatforms) = preSolution
		Debug|Any CPU = Debug|Any CPU
		Release|Any CPU = Release|Any CPU
	EndGlobalSection
	GlobalSection(ProjectConfigurationPlatforms) = postSolution
		{20A2B530-2BDA-4A4F-9C0D-77DE7D30CECE}.Debug|Any CPU.ActiveCfg = Debug|Any CPU
		{20A2B530-2BDA-4A4F-9C0D-77DE7D30CECE}.Debug|Any CPU.Build.0 = Debug|Any CPU
		{20A2B530-2BDA-4A4F-9C0D-77DE7D30CECE}.Release|Any CPU.ActiveCfg = Release|Any CPU
		{20A2B530-2BDA-4A4F-9C0D-77DE7D30CECE}.Release|Any CPU.Build.0 = Release|Any CPU
	EndGlobalSection
	GlobalSection(SolutionProperties) = preSolution
		HideSolutionNode = FALSE
	EndGlobalSection
	GlobalSection(ExtensibilityGlobals) = postSolution
		SolutionGuid = {2E04F64B-3205-44C5-B1CB-FD180E1D5421}
	EndGlobalSection
EndGlobal
